
Microsoft Visual Studio Solution File, Format Version 12.00
# Visual Studio Version 17
VisualStudioVersion = 17.9.34723.18
MinimumVisualStudioVersion = 10.0.40219.1
Project("{FAE04EC0-301F-11D3-BF4B-00C04F79EFBC}") = "DemoIdentity", "DemoIdentity.csproj", "{D4544040-8898-41D0-8D51-0B579774F6BC}"
EndProject
Global
	GlobalSection(SolutionConfigurationPlatforms) = preSolution
		Debug|Any CPU = Debug|Any CPU
		Release|Any CPU = Release|Any CPU
	EndGlobalSection
	GlobalSection(ProjectConfigurationPlatforms) = postSolution
		{D4544040-8898-41D0-8D51-0B579774F6BC}.Debug|Any CPU.ActiveCfg = Debug|Any CPU
		{D4544040-8898-41D0-8D51-0B579774F6BC}.Debug|Any CPU.Build.0 = Debug|Any CPU
		{D4544040-8898-41D0-8D51-0B579774F6BC}.Release|Any CPU.ActiveCfg = Release|Any CPU
		{D4544040-8898-41D0-8D51-0B579774F6BC}.Release|Any CPU.Build.0 = Release|Any CPU
	EndGlobalSection
	GlobalSection(SolutionProperties) = preSolution
		HideSolutionNode = FALSE
	EndGlobalSection
	GlobalSection(ExtensibilityGlobals) = postSolution
		SolutionGuid = {0BB3E457-8054-4FAD-A1F0-1E24DFF9765D}
	EndGlobalSection
EndGlobal
